# This file is autogenerated, do not edit; changes may be undone by the next 'dep ensure'.


[[projects]]
  branch = "master"
  name = "github.com/Azure/go-ntlmssp"
  packages = ["."]
  revision = "c92175d540060095c69ced311f76aea56c83ecdb"

[[projects]]
  name = "github.com/ChrisTrenkamp/goxpath"
  packages = [
    ".",
    "internal/execxp",
    "internal/lexer",
    "internal/parser",
    "internal/parser/findutil",
    "internal/parser/intfns",
    "internal/parser/pathexpr",
    "internal/xconst",
    "internal/xsort",
    "tree",
    "tree/xmltree",
    "tree/xmltree/xmlbuilder",
    "tree/xmltree/xmlele",
    "tree/xmltree/xmlnode"
  ]
  revision = "2ad3b31cf4a21db70fc0cacd0e0120eaae566f98"
  version = "v1.0-alpha3"

[[projects]]
  name = "github.com/MSOpenTech/azure-sdk-for-go"
  packages = ["core/tls"]
  revision = "0fbd37144de3adc2aef74db867c0e15e41c7f74a"
  version = "v1.2"

[[projects]]
  name = "github.com/dylanmei/iso8601"
  packages = ["."]
  revision = "2075bf119b58e5576c6ed9f867b8f3d17f2e54d4"
  version = "v0.1.0"

[[projects]]
  branch = "master"
  name = "github.com/hashicorp/errwrap"
  packages = ["."]
  revision = "7554cd9344cec97297fa6649b055a8c98c2a1e55"

[[projects]]
  branch = "master"
  name = "github.com/hashicorp/go-checkpoint"
  packages = ["."]
  revision = "1545e56e46dec3bba264e41fde2c1e2aa65b5dd4"

[[projects]]
  branch = "master"
  name = "github.com/hashicorp/go-cleanhttp"
  packages = ["."]
  revision = "d5fe4b57a186c716b0e00b8c301cbd9b4182694d"

[[projects]]
  branch = "master"
  name = "github.com/hashicorp/go-multierror"
  packages = ["."]
  revision = "b7773ae218740a7be65057fc60b366a49b538a44"

[[projects]]
  branch = "master"
  name = "github.com/hashicorp/go-uuid"
  packages = ["."]
  revision = "64130c7a86d732268a38cb04cfbaf0cc987fda98"

[[projects]]
  branch = "master"
  name = "github.com/hashicorp/go-version"
  packages = ["."]
  revision = "4fe82ae3040f80a03d04d2cccb5606a626b8e1ee"

[[projects]]
  name = "github.com/hashicorp/packer"
  packages = [
    "common",
    "common/ssh",
    "common/uuid",
    "communicator/none",
    "communicator/ssh",
    "communicator/winrm",
    "helper/communicator",
    "helper/config",
    "packer",
    "packer/plugin",
    "packer/rpc",
    "template",
    "template/interpolate",
    "version"
  ]
  revision = "9698d7283f790aa1d3755ccbd95a1a1cdea9390a"
  version = "v1.1.3"

[[projects]]
  branch = "master"
  name = "github.com/hashicorp/yamux"
  packages = ["."]
  revision = "683f49123a33db61abfb241b7ac5e4af4dc54d55"

[[projects]]
  name = "github.com/hetznercloud/hcloud-go"
  packages = [
    "hcloud",
    "hcloud/schema"
  ]
  revision = "8ba5ecb6e802d98c3b7a65f755a240cbe79bebea"
  version = "v1.3.0"

[[projects]]
  branch = "master"
  name = "github.com/kr/fs"
  packages = ["."]
  revision = "2788f0dbd16903de03cb8186e5c7d97b69ad387b"

[[projects]]
  name = "github.com/masterzen/azure-sdk-for-go"
  packages = [
    "core/http",
    "core/tls"
  ]
  revision = "0fbd37144de3adc2aef74db867c0e15e41c7f74a"
  version = "v1.2"

[[projects]]
  branch = "master"
  name = "github.com/masterzen/simplexml"
  packages = ["dom"]
  revision = "4572e39b1ab9fe03ee513ce6fc7e289e98482190"

[[projects]]
  branch = "master"
  name = "github.com/masterzen/winrm"
  packages = [
    ".",
    "soap"
  ]
  revision = "a2df6b1315e6fd5885eb15c67ed259e85854125f"

[[projects]]
  branch = "master"
  name = "github.com/mitchellh/go-fs"
  packages = [
    ".",
    "fat"
  ]
  revision = "7bae45d9a684750e82b97ff320c82556614e621b"

[[projects]]
  branch = "master"
  name = "github.com/mitchellh/iochan"
  packages = ["."]
  revision = "87b45ffd0e9581375c491fef3d32130bb15c5bd7"

[[projects]]
  branch = "master"
  name = "github.com/mitchellh/mapstructure"
  packages = ["."]
  revision = "b4575eea38cca1123ec2dc90c26529b5c5acfcff"

[[projects]]
  branch = "master"
  name = "github.com/mitchellh/multistep"
  packages = ["."]
  revision = "391576a156a54cfbb4cf5d5eda40cf6ffa3e3a4d"

[[projects]]
  branch = "master"
  name = "github.com/mitchellh/reflectwalk"
  packages = ["."]
  revision = "63d60e9d0dbc60cf9164e6510889b0db6683d98c"

[[projects]]
  branch = "master"
  name = "github.com/nu7hatch/gouuid"
  packages = ["."]
  revision = "179d4d0c4d8d407a32af483c2354df1d2c91e6c3"

[[projects]]
  branch = "master"
  name = "github.com/packer-community/winrmcp"
  packages = ["winrmcp"]
  revision = "81144009af586de8e7729b829266f09dd0d59701"

[[projects]]
  branch = "master"
  name = "github.com/pkg/errors"
  packages = ["."]
  revision = "e881fd58d78e04cf6d0de1217f8707c8cc2249bc"

[[projects]]
  name = "github.com/pkg/sftp"
  packages = ["."]
  revision = "f6a9258a0f570c3a76681b897b6ded57cb0dfa88"
  version = "1.2.0"

[[projects]]
  name = "github.com/ugorji/go"
  packages = ["codec"]
  revision = "9831f2c3ac1068a78f50999a30db84270f647af6"
  version = "v1.1"

[[projects]]
  branch = "master"
  name = "golang.org/x/crypto"
  packages = [
    "curve25519",
    "ed25519",
    "ed25519/internal/edwards25519",
    "internal/chacha20",
    "md4",
    "poly1305",
    "ssh",
    "ssh/agent"
  ]
  revision = "3d37316aaa6bd9929127ac9a527abf408178ea7b"

[[projects]]
  branch = "master"
  name = "golang.org/x/net"
  packages = [
    "html",
    "html/atom",
    "html/charset",
    "proxy"
  ]
  revision = "0ed95abb35c445290478a5348a7b38bb154135fd"

[[projects]]
  branch = "master"
  name = "golang.org/x/text"
  packages = [
    "encoding",
    "encoding/charmap",
    "encoding/htmlindex",
    "encoding/internal",
    "encoding/internal/identifier",
    "encoding/japanese",
    "encoding/korean",
    "encoding/simplifiedchinese",
    "encoding/traditionalchinese",
    "encoding/unicode",
    "internal/gen",
    "internal/tag",
    "internal/utf8internal",
    "language",
    "runes",
    "transform",
    "unicode/cldr"
  ]
  revision = "e19ae1496984b1c655b8044a65c0300a3c878dd3"

[solve-meta]
  analyzer-name = "dep"
  analyzer-version = 1
  inputs-digest = "87d45a70eb9b89870c2df55d9555868708cf9d6771373f9a19238f2aa3b1131f"
  solver-name = "gps-cdcl"
  solver-version = 1
